
Microsoft Visual Studio Solution File, Format Version 12.00
# Visual Studio 15
VisualStudioVersion = 15.0.28307.1145
MinimumVisualStudioVersion = 10.0.40219.1
Project("{FAE04EC0-301F-11D3-BF4B-00C04F79EFBC}") = "DSA", "DSA\DSA.csproj", "{BF5AAB73-237F-4008-8001-D25FE44A723B}"
EndProject
Global
	GlobalSection(SolutionConfigurationPlatforms) = preSolution
		Debug|Any CPU = Debug|Any CPU
		Release|Any CPU = Release|Any CPU
	EndGlobalSection
	GlobalSection(ProjectConfigurationPlatforms) = postSolution
		{BF5AAB73-237F-4008-8001-D25FE44A723B}.Debug|Any CPU.ActiveCfg = Debug|Any CPU
		{BF5AAB73-237F-4008-8001-D25FE44A723B}.Debug|Any CPU.Build.0 = Debug|Any CPU
		{BF5AAB73-237F-4008-8001-D25FE44A723B}.Release|Any CPU.ActiveCfg = Release|Any CPU
		{BF5AAB73-237F-4008-8001-D25FE44A723B}.Release|Any CPU.Build.0 = Release|Any CPU
	EndGlobalSection
	GlobalSection(SolutionProperties) = preSolution
		HideSolutionNode = FALSE
	EndGlobalSection
	GlobalSection(ExtensibilityGlobals) = postSolution
		SolutionGuid = {6EB2EBB4-3CA1-423C-9BA0-56B36C87A377}
	EndGlobalSection
EndGlobal
